
Microsoft Visual Studio Solution File, Format Version 12.00
# Visual Studio Version 17
VisualStudioVersion = 17.14.36408.4 d17.14
MinimumVisualStudioVersion = 10.0.40219.1
Project("{FAE04EC0-301F-11D3-BF4B-00C04F79EFBC}") = "DesignPatterns", "DesignPatterns\DesignPatterns.csproj", "{5E1C80CD-1BAD-4B76-9EB2-08B2BC53445A}"
EndProject
Global
	GlobalSection(SolutionConfigurationPlatforms) = preSolution
		Debug|Any CPU = Debug|Any CPU
		Release|Any CPU = Release|Any CPU
	EndGlobalSection
	GlobalSection(ProjectConfigurationPlatforms) = postSolution
		{5E1C80CD-1BAD-4B76-9EB2-08B2BC53445A}.Debug|Any CPU.ActiveCfg = Debug|Any CPU
		{5E1C80CD-1BAD-4B76-9EB2-08B2BC53445A}.Debug|Any CPU.Build.0 = Debug|Any CPU
		{5E1C80CD-1BAD-4B76-9EB2-08B2BC53445A}.Release|Any CPU.ActiveCfg = Release|Any CPU
		{5E1C80CD-1BAD-4B76-9EB2-08B2BC53445A}.Release|Any CPU.Build.0 = Release|Any CPU
	EndGlobalSection
	GlobalSection(SolutionProperties) = preSolution
		HideSolutionNode = FALSE
	EndGlobalSection
	GlobalSection(ExtensibilityGlobals) = postSolution
		SolutionGuid = {2258B2C7-F107-433F-BBEE-73E573EEB53C}
	EndGlobalSection
EndGlobal
